
Microsoft Visual Studio Solution File, Format Version 12.00
# Visual Studio Version 16
VisualStudioVersion = 16.0.29920.165
MinimumVisualStudioVersion = 10.0.40219.1
Project("{FAE04EC0-301F-11D3-BF4B-00C04F79EFBC}") = "BlogDemo", "BlogDemo.csproj", "{D6BB09DD-6E73-4E9F-8F2C-49D7730F8E28}"
EndProject
Global
	GlobalSection(SolutionConfigurationPlatforms) = preSolution
		Debug|Any CPU = Debug|Any CPU
		Release|Any CPU = Release|Any CPU
	EndGlobalSection
	GlobalSection(ProjectConfigurationPlatforms) = postSolution
		{D6BB09DD-6E73-4E9F-8F2C-49D7730F8E28}.Debug|Any CPU.ActiveCfg = Debug|Any CPU
		{D6BB09DD-6E73-4E9F-8F2C-49D7730F8E28}.Debug|Any CPU.Build.0 = Debug|Any CPU
		{D6BB09DD-6E73-4E9F-8F2C-49D7730F8E28}.Release|Any CPU.ActiveCfg = Release|Any CPU
		{D6BB09DD-6E73-4E9F-8F2C-49D7730F8E28}.Release|Any CPU.Build.0 = Release|Any CPU
	EndGlobalSection
	GlobalSection(SolutionProperties) = preSolution
		HideSolutionNode = FALSE
	EndGlobalSection
	GlobalSection(ExtensibilityGlobals) = postSolution
		SolutionGuid = {54B233C5-05E4-4A17-8C1D-4BAC59F49D7C}
	EndGlobalSection
EndGlobal
